
Microsoft Visual Studio Solution File, Format Version 12.00
# Visual Studio Version 17
VisualStudioVersion = 17.9.34526.213
MinimumVisualStudioVersion = 10.0.40219.1
Project("{FAE04EC0-301F-11D3-BF4B-00C04F79EFBC}") = "CrudCoreOklab", "CrudCoreOklab.csproj", "{3F169819-E31B-4C3A-BAF1-AC8F6524E8C6}"
EndProject
Global
	GlobalSection(SolutionConfigurationPlatforms) = preSolution
		Debug|Any CPU = Debug|Any CPU
		Release|Any CPU = Release|Any CPU
	EndGlobalSection
	GlobalSection(ProjectConfigurationPlatforms) = postSolution
		{3F169819-E31B-4C3A-BAF1-AC8F6524E8C6}.Debug|Any CPU.ActiveCfg = Debug|Any CPU
		{3F169819-E31B-4C3A-BAF1-AC8F6524E8C6}.Debug|Any CPU.Build.0 = Debug|Any CPU
		{3F169819-E31B-4C3A-BAF1-AC8F6524E8C6}.Release|Any CPU.ActiveCfg = Release|Any CPU
		{3F169819-E31B-4C3A-BAF1-AC8F6524E8C6}.Release|Any CPU.Build.0 = Release|Any CPU
	EndGlobalSection
	GlobalSection(SolutionProperties) = preSolution
		HideSolutionNode = FALSE
	EndGlobalSection
	GlobalSection(ExtensibilityGlobals) = postSolution
		SolutionGuid = {371FEA8E-43AB-4040-8121-2C0C78F05835}
	EndGlobalSection
EndGlobal
